
Microsoft Visual Studio Solution File, Format Version 12.00
# Visual Studio Version 17
VisualStudioVersion = 17.5.002.0
MinimumVisualStudioVersion = 10.0.40219.1
Project("{9A19103F-16F7-4668-BE54-9A1E7A4F7556}") = "Projekt1", "Projekt1.csproj", "{66D6C1A1-B7EC-4891-8406-F6A016F6F737}"
EndProject
Global
	GlobalSection(SolutionConfigurationPlatforms) = preSolution
		Debug|Any CPU = Debug|Any CPU
		Release|Any CPU = Release|Any CPU
	EndGlobalSection
	GlobalSection(ProjectConfigurationPlatforms) = postSolution
		{66D6C1A1-B7EC-4891-8406-F6A016F6F737}.Debug|Any CPU.ActiveCfg = Debug|Any CPU
		{66D6C1A1-B7EC-4891-8406-F6A016F6F737}.Debug|Any CPU.Build.0 = Debug|Any CPU
		{66D6C1A1-B7EC-4891-8406-F6A016F6F737}.Release|Any CPU.ActiveCfg = Release|Any CPU
		{66D6C1A1-B7EC-4891-8406-F6A016F6F737}.Release|Any CPU.Build.0 = Release|Any CPU
	EndGlobalSection
	GlobalSection(SolutionProperties) = preSolution
		HideSolutionNode = FALSE
	EndGlobalSection
	GlobalSection(ExtensibilityGlobals) = postSolution
		SolutionGuid = {B1B0D10F-375A-465A-A52F-9D3C3E1E39E3}
	EndGlobalSection
EndGlobal
